
Microsoft Visual Studio Solution File, Format Version 12.00
# Visual Studio Express 2012 for Windows Desktop
Project("{FAE04EC0-301F-11D3-BF4B-00C04F79EFBC}") = "NLeaderElection", "NLeaderElection\NLeaderElection.csproj", "{CC686656-E7EA-413A-873B-EF196552E585}"
EndProject
Project("{FAE04EC0-301F-11D3-BF4B-00C04F79EFBC}") = "NLeaderElection.Tests", "NLeaderElection.Tests\NLeaderElection.Tests.csproj", "{2357E40E-3602-4B7D-9536-34393215F3ED}"
EndProject
Project("{FAE04EC0-301F-11D3-BF4B-00C04F79EFBC}") = "NLeaderElection.Client", "NLeaderElection.Client\NLeaderElection.Client.csproj", "{BCFC8801-CB5D-42BB-A8EA-D11A991F9C63}"
EndProject
Global
	GlobalSection(SolutionConfigurationPlatforms) = preSolution
		Debug|Any CPU = Debug|Any CPU
		Release|Any CPU = Release|Any CPU
	EndGlobalSection
	GlobalSection(ProjectConfigurationPlatforms) = postSolution
		{CC686656-E7EA-413A-873B-EF196552E585}.Debug|Any CPU.ActiveCfg = Debug|Any CPU
		{CC686656-E7EA-413A-873B-EF196552E585}.Debug|Any CPU.Build.0 = Debug|Any CPU
		{CC686656-E7EA-413A-873B-EF196552E585}.Release|Any CPU.ActiveCfg = Release|Any CPU
		{CC686656-E7EA-413A-873B-EF196552E585}.Release|Any CPU.Build.0 = Release|Any CPU
		{2357E40E-3602-4B7D-9536-34393215F3ED}.Debug|Any CPU.ActiveCfg = Debug|Any CPU
		{2357E40E-3602-4B7D-9536-34393215F3ED}.Debug|Any CPU.Build.0 = Debug|Any CPU
		{2357E40E-3602-4B7D-9536-34393215F3ED}.Release|Any CPU.ActiveCfg = Release|Any CPU
		{2357E40E-3602-4B7D-9536-34393215F3ED}.Release|Any CPU.Build.0 = Release|Any CPU
		{BCFC8801-CB5D-42BB-A8EA-D11A991F9C63}.Debug|Any CPU.ActiveCfg = Debug|Any CPU
		{BCFC8801-CB5D-42BB-A8EA-D11A991F9C63}.Debug|Any CPU.Build.0 = Debug|Any CPU
		{BCFC8801-CB5D-42BB-A8EA-D11A991F9C63}.Release|Any CPU.ActiveCfg = Release|Any CPU
		{BCFC8801-CB5D-42BB-A8EA-D11A991F9C63}.Release|Any CPU.Build.0 = Release|Any CPU
	EndGlobalSection
	GlobalSection(SolutionProperties) = preSolution
		HideSolutionNode = FALSE
	EndGlobalSection
EndGlobal
